
Microsoft Visual Studio Solution File, Format Version 12.00
# Visual Studio Version 17
VisualStudioVersion = 17.14.36705.20 d17.14
MinimumVisualStudioVersion = 10.0.40219.1
Project("{8BC9CEB8-8B4A-11D0-8D11-00A0C91BC942}") = "task01", "task01\task01.vcxproj", "{BD0F7C66-9612-4160-8602-90FD08697ADA}"
EndProject
Project("{8BC9CEB8-8B4A-11D0-8D11-00A0C91BC942}") = "task02", "task02project\task02project.vcxproj", "{B0252523-F997-4D25-B022-528534BCEE81}"
EndProject
Project("{8BC9CEB8-8B4A-11D0-8D11-00A0C91BC942}") = "task03", "task03\task03.vcxproj", "{3F9DEAE5-723B-4D64-B196-84139E4008FB}"
EndProject
Global
	GlobalSection(SolutionConfigurationPlatforms) = preSolution
		Debug|x64 = Debug|x64
		Debug|x86 = Debug|x86
		Release|x64 = Release|x64
		Release|x86 = Release|x86
	EndGlobalSection
	GlobalSection(ProjectConfigurationPlatforms) = postSolution
		{BD0F7C66-9612-4160-8602-90FD08697ADA}.Debug|x64.ActiveCfg = Debug|x64
		{BD0F7C66-9612-4160-8602-90FD08697ADA}.Debug|x64.Build.0 = Debug|x64
		{BD0F7C66-9612-4160-8602-90FD08697ADA}.Debug|x86.ActiveCfg = Debug|Win32
		{BD0F7C66-9612-4160-8602-90FD08697ADA}.Debug|x86.Build.0 = Debug|Win32
		{BD0F7C66-9612-4160-8602-90FD08697ADA}.Release|x64.ActiveCfg = Release|x64
		{BD0F7C66-9612-4160-8602-90FD08697ADA}.Release|x64.Build.0 = Release|x64
		{BD0F7C66-9612-4160-8602-90FD08697ADA}.Release|x86.ActiveCfg = Release|Win32
		{BD0F7C66-9612-4160-8602-90FD08697ADA}.Release|x86.Build.0 = Release|Win32
		{B0252523-F997-4D25-B022-528534BCEE81}.Debug|x64.ActiveCfg = Debug|x64
		{B0252523-F997-4D25-B022-528534BCEE81}.Debug|x64.Build.0 = Debug|x64
		{B0252523-F997-4D25-B022-528534BCEE81}.Debug|x86.ActiveCfg = Debug|Win32
		{B0252523-F997-4D25-B022-528534BCEE81}.Debug|x86.Build.0 = Debug|Win32
		{B0252523-F997-4D25-B022-528534BCEE81}.Release|x64.ActiveCfg = Release|x64
		{B0252523-F997-4D25-B022-528534BCEE81}.Release|x64.Build.0 = Release|x64
		{B0252523-F997-4D25-B022-528534BCEE81}.Release|x86.ActiveCfg = Release|Win32
		{B0252523-F997-4D25-B022-528534BCEE81}.Release|x86.Build.0 = Release|Win32
		{3F9DEAE5-723B-4D64-B196-84139E4008FB}.Debug|x64.ActiveCfg = Debug|x64
		{3F9DEAE5-723B-4D64-B196-84139E4008FB}.Debug|x64.Build.0 = Debug|x64
		{3F9DEAE5-723B-4D64-B196-84139E4008FB}.Debug|x86.ActiveCfg = Debug|Win32
		{3F9DEAE5-723B-4D64-B196-84139E4008FB}.Debug|x86.Build.0 = Debug|Win32
		{3F9DEAE5-723B-4D64-B196-84139E4008FB}.Release|x64.ActiveCfg = Release|x64
		{3F9DEAE5-723B-4D64-B196-84139E4008FB}.Release|x64.Build.0 = Release|x64
		{3F9DEAE5-723B-4D64-B196-84139E4008FB}.Release|x86.ActiveCfg = Release|Win32
		{3F9DEAE5-723B-4D64-B196-84139E4008FB}.Release|x86.Build.0 = Release|Win32
	EndGlobalSection
	GlobalSection(SolutionProperties) = preSolution
		HideSolutionNode = FALSE
	EndGlobalSection
	GlobalSection(ExtensibilityGlobals) = postSolution
		SolutionGuid = {A3657F77-802A-48E2-AD6D-870B13E990B0}
	EndGlobalSection
EndGlobal
